
Microsoft Visual Studio Solution File, Format Version 12.00
# Visual Studio 2013
VisualStudioVersion = 12.0.30501.0
MinimumVisualStudioVersion = 10.0.40219.1
Project("{FAE04EC0-301F-11D3-BF4B-00C04F79EFBC}") = "Carnotaurus.GhostPubsMvc.Web", "Carnotaurus.GhostPubsMvc.Web\Carnotaurus.GhostPubsMvc.Web.csproj", "{A8F8CD36-55BB-4E18-91F3-60B62FA96868}"
EndProject
Project("{FAE04EC0-301F-11D3-BF4B-00C04F79EFBC}") = "Carnotaurus.GhostPubsMvc.Common", "..\Carnotaurus.GhostPubsMvc.Common\Carnotaurus.GhostPubsMvc.Common\Carnotaurus.GhostPubsMvc.Common.csproj", "{16105531-A79A-4378-BFD5-F728CB39D1BE}"
EndProject
Project("{FAE04EC0-301F-11D3-BF4B-00C04F79EFBC}") = "Carnotaurus.GhostPubsMvc.Data", "..\Carnotaurus.GhostPubsMvc.Data\Carnotaurus.GhostPubsMvc.Data\Carnotaurus.GhostPubsMvc.Data.csproj", "{06B94A41-AB7A-4AC7-944A-9A24695A1893}"
EndProject
Project("{FAE04EC0-301F-11D3-BF4B-00C04F79EFBC}") = "Carnotaurus.GhostPubsMvc.Controllers", "..\Carnotaurus.GhostPubsMvc.Controllers\Carnotaurus.GhostPubsMvc.Controllers.csproj", "{1B9F4372-BB86-4946-B942-A08FD58EEF91}"
EndProject
Project("{FAE04EC0-301F-11D3-BF4B-00C04F79EFBC}") = "Carnotaurus.GhostPubsMvc.Common.Bespoke", "..\Carnotaurus.GhostPubsMvc.Common.Bespoke\Carnotaurus.GhostPubsMvc.Common.Bespoke.csproj", "{6CE36DCA-0553-48AA-9B7A-86CBCDD6031B}"
EndProject
Project("{FAE04EC0-301F-11D3-BF4B-00C04F79EFBC}") = "Carnotaurus.GhostPubsMvc.Managers", "..\Carnotaurus.GhostPubsMvc.Managers\Carnotaurus.GhostPubsMvc.Managers.csproj", "{58834AE9-B04E-4253-9FCA-802802135D7D}"
EndProject
Global
	GlobalSection(SolutionConfigurationPlatforms) = preSolution
		Debug|Any CPU = Debug|Any CPU
		Release|Any CPU = Release|Any CPU
	EndGlobalSection
	GlobalSection(ProjectConfigurationPlatforms) = postSolution
		{A8F8CD36-55BB-4E18-91F3-60B62FA96868}.Debug|Any CPU.ActiveCfg = Debug|Any CPU
		{A8F8CD36-55BB-4E18-91F3-60B62FA96868}.Debug|Any CPU.Build.0 = Debug|Any CPU
		{A8F8CD36-55BB-4E18-91F3-60B62FA96868}.Release|Any CPU.ActiveCfg = Release|Any CPU
		{A8F8CD36-55BB-4E18-91F3-60B62FA96868}.Release|Any CPU.Build.0 = Release|Any CPU
		{16105531-A79A-4378-BFD5-F728CB39D1BE}.Debug|Any CPU.ActiveCfg = Debug|Any CPU
		{16105531-A79A-4378-BFD5-F728CB39D1BE}.Debug|Any CPU.Build.0 = Debug|Any CPU
		{16105531-A79A-4378-BFD5-F728CB39D1BE}.Release|Any CPU.ActiveCfg = Release|Any CPU
		{16105531-A79A-4378-BFD5-F728CB39D1BE}.Release|Any CPU.Build.0 = Release|Any CPU
		{06B94A41-AB7A-4AC7-944A-9A24695A1893}.Debug|Any CPU.ActiveCfg = Debug|Any CPU
		{06B94A41-AB7A-4AC7-944A-9A24695A1893}.Debug|Any CPU.Build.0 = Debug|Any CPU
		{06B94A41-AB7A-4AC7-944A-9A24695A1893}.Release|Any CPU.ActiveCfg = Release|Any CPU
		{06B94A41-AB7A-4AC7-944A-9A24695A1893}.Release|Any CPU.Build.0 = Release|Any CPU
		{1B9F4372-BB86-4946-B942-A08FD58EEF91}.Debug|Any CPU.ActiveCfg = Debug|Any CPU
		{1B9F4372-BB86-4946-B942-A08FD58EEF91}.Debug|Any CPU.Build.0 = Debug|Any CPU
		{1B9F4372-BB86-4946-B942-A08FD58EEF91}.Release|Any CPU.ActiveCfg = Release|Any CPU
		{1B9F4372-BB86-4946-B942-A08FD58EEF91}.Release|Any CPU.Build.0 = Release|Any CPU
		{6CE36DCA-0553-48AA-9B7A-86CBCDD6031B}.Debug|Any CPU.ActiveCfg = Debug|Any CPU
		{6CE36DCA-0553-48AA-9B7A-86CBCDD6031B}.Debug|Any CPU.Build.0 = Debug|Any CPU
		{6CE36DCA-0553-48AA-9B7A-86CBCDD6031B}.Release|Any CPU.ActiveCfg = Release|Any CPU
		{6CE36DCA-0553-48AA-9B7A-86CBCDD6031B}.Release|Any CPU.Build.0 = Release|Any CPU
		{58834AE9-B04E-4253-9FCA-802802135D7D}.Debug|Any CPU.ActiveCfg = Debug|Any CPU
		{58834AE9-B04E-4253-9FCA-802802135D7D}.Debug|Any CPU.Build.0 = Debug|Any CPU
		{58834AE9-B04E-4253-9FCA-802802135D7D}.Release|Any CPU.ActiveCfg = Release|Any CPU
		{58834AE9-B04E-4253-9FCA-802802135D7D}.Release|Any CPU.Build.0 = Release|Any CPU
	EndGlobalSection
	GlobalSection(SolutionProperties) = preSolution
		HideSolutionNode = FALSE
	EndGlobalSection
	GlobalSection(SubversionScc) = preSolution
		Svn-Managed = True
		Manager = AnkhSVN - Subversion Support for Visual Studio
	EndGlobalSection
EndGlobal
